
Microsoft Visual Studio Solution File, Format Version 12.00
# Visual Studio Version 16
VisualStudioVersion = 16.0.28729.10
MinimumVisualStudioVersion = 10.0.40219.1
Project("{FAE04EC0-301F-11D3-BF4B-00C04F79EFBC}") = "Project", "Project\Project.csproj", "{1D2445AA-135D-4776-BA77-24F5920414FF}"
EndProject
Global
	GlobalSection(SolutionConfigurationPlatforms) = preSolution
		Debug|Any CPU = Debug|Any CPU
		Release|Any CPU = Release|Any CPU
	EndGlobalSection
	GlobalSection(ProjectConfigurationPlatforms) = postSolution
		{1D2445AA-135D-4776-BA77-24F5920414FF}.Debug|Any CPU.ActiveCfg = Debug|Any CPU
		{1D2445AA-135D-4776-BA77-24F5920414FF}.Debug|Any CPU.Build.0 = Debug|Any CPU
		{1D2445AA-135D-4776-BA77-24F5920414FF}.Release|Any CPU.ActiveCfg = Release|Any CPU
		{1D2445AA-135D-4776-BA77-24F5920414FF}.Release|Any CPU.Build.0 = Release|Any CPU
	EndGlobalSection
	GlobalSection(SolutionProperties) = preSolution
		HideSolutionNode = FALSE
	EndGlobalSection
	GlobalSection(ExtensibilityGlobals) = postSolution
		SolutionGuid = {613168E6-E81C-4557-A622-2F97211B6641}
	EndGlobalSection
EndGlobal
